
Microsoft Visual Studio Solution File, Format Version 12.00
# Visual Studio 2013
VisualStudioVersion = 12.0.21005.1
MinimumVisualStudioVersion = 10.0.40219.1
Project("{FAE04EC0-301F-11D3-BF4B-00C04F79EFBC}") = "ConsoleApplication1", "ConsoleApplication1\ConsoleApplication1.csproj", "{AC09282D-43F4-4063-BDD2-381E7C74C809}"
EndProject
Project("{FAE04EC0-301F-11D3-BF4B-00C04F79EFBC}") = "UnitTestProjectCoupon", "UnitTestProjectCoupon\UnitTestProjectCoupon.csproj", "{2F75522D-EB6D-4AB1-A650-FC095C0A935A}"
EndProject
Project("{FAE04EC0-301F-11D3-BF4B-00C04F79EFBC}") = "ConsoleApplicationTestDataBase", "ConsoleApplicationTestDataBase\ConsoleApplicationTestDataBase.csproj", "{CA94B4A4-A793-40A5-BC30-AA663759DB55}"
EndProject
Project("{FAE04EC0-301F-11D3-BF4B-00C04F79EFBC}") = "GUIscreens", "GUIscreens\GUIscreens.csproj", "{2472F5B5-28E0-4514-A18D-0856AF5CB204}"
EndProject
Global
	GlobalSection(SolutionConfigurationPlatforms) = preSolution
		Debug|Any CPU = Debug|Any CPU
		Release|Any CPU = Release|Any CPU
	EndGlobalSection
	GlobalSection(ProjectConfigurationPlatforms) = postSolution
		{AC09282D-43F4-4063-BDD2-381E7C74C809}.Debug|Any CPU.ActiveCfg = Debug|Any CPU
		{AC09282D-43F4-4063-BDD2-381E7C74C809}.Debug|Any CPU.Build.0 = Debug|Any CPU
		{AC09282D-43F4-4063-BDD2-381E7C74C809}.Release|Any CPU.ActiveCfg = Release|Any CPU
		{AC09282D-43F4-4063-BDD2-381E7C74C809}.Release|Any CPU.Build.0 = Release|Any CPU
		{2F75522D-EB6D-4AB1-A650-FC095C0A935A}.Debug|Any CPU.ActiveCfg = Debug|Any CPU
		{2F75522D-EB6D-4AB1-A650-FC095C0A935A}.Debug|Any CPU.Build.0 = Debug|Any CPU
		{2F75522D-EB6D-4AB1-A650-FC095C0A935A}.Release|Any CPU.ActiveCfg = Release|Any CPU
		{2F75522D-EB6D-4AB1-A650-FC095C0A935A}.Release|Any CPU.Build.0 = Release|Any CPU
		{CA94B4A4-A793-40A5-BC30-AA663759DB55}.Debug|Any CPU.ActiveCfg = Debug|Any CPU
		{CA94B4A4-A793-40A5-BC30-AA663759DB55}.Debug|Any CPU.Build.0 = Debug|Any CPU
		{CA94B4A4-A793-40A5-BC30-AA663759DB55}.Release|Any CPU.ActiveCfg = Release|Any CPU
		{CA94B4A4-A793-40A5-BC30-AA663759DB55}.Release|Any CPU.Build.0 = Release|Any CPU
		{2472F5B5-28E0-4514-A18D-0856AF5CB204}.Debug|Any CPU.ActiveCfg = Debug|Any CPU
		{2472F5B5-28E0-4514-A18D-0856AF5CB204}.Debug|Any CPU.Build.0 = Debug|Any CPU
		{2472F5B5-28E0-4514-A18D-0856AF5CB204}.Release|Any CPU.ActiveCfg = Release|Any CPU
		{2472F5B5-28E0-4514-A18D-0856AF5CB204}.Release|Any CPU.Build.0 = Release|Any CPU
	EndGlobalSection
	GlobalSection(SolutionProperties) = preSolution
		HideSolutionNode = FALSE
	EndGlobalSection
EndGlobal
